<Solution>
  <Configurations>
    <BuildType Name="Debug" />
    <BuildType Name="Release" />
    <BuildType Name="Signed Release" />
  </Configurations>
  <Folder Name="/Installer/">
    <Project Path="Trixter.XDream.Installer/Trixter.XDream.Installer.wixproj" Type="b7dd6f7e-def8-4e67-b5b7-07ef123db6f0">
      <Platform Project="x86" />
    </Project>
  </Folder>
  <Project Path="Trixter.XDream.API.Testing/Trixter.XDream.API.Testing.csproj">
    <BuildType Solution="Signed Release|*" Project="Release" />
    <Build Solution="Signed Release|*" Project="false" />
  </Project>
  <Project Path="Trixter.XDream.API/Trixter.XDream.API.csproj" />
  <Project Path="Trixter.XDream.Diagnostics/Trixter.XDream.Diagnostics.csproj" />
  <Project Path="Trixter.XDream.TestController/Trixter.XDream.TestController.csproj">
    <BuildType Solution="Signed Release|*" Project="Release" />
    <Build Solution="Signed Release|*" Project="false" />
  </Project>
</Solution>